
Microsoft Visual Studio Solution File, Format Version 12.00
# Visual Studio Version 17
VisualStudioVersion = 17.5.002.0
MinimumVisualStudioVersion = 10.0.40219.1
Project("{2150E333-8FDC-42A3-9474-1A3956D46DE8}") = "ps-globomantics-webapi-react-AuthCookie", "ps-globomantics-webapi-react-AuthCookie", "{688811B3-5E1D-48BE-B602-1CC0E759909A}"
EndProject
Project("{9A19103F-16F7-4668-BE54-9A1E7A4F7556}") = "Api", "ps-globomantics-webapi-react-AuthCookie\Api\Api.csproj", "{C14140C7-0D65-4A51-93DB-57C4E5896105}"
EndProject
Global
	GlobalSection(SolutionConfigurationPlatforms) = preSolution
		Debug|Any CPU = Debug|Any CPU
		Release|Any CPU = Release|Any CPU
	EndGlobalSection
	GlobalSection(ProjectConfigurationPlatforms) = postSolution
		{C14140C7-0D65-4A51-93DB-57C4E5896105}.Debug|Any CPU.ActiveCfg = Debug|Any CPU
		{C14140C7-0D65-4A51-93DB-57C4E5896105}.Debug|Any CPU.Build.0 = Debug|Any CPU
		{C14140C7-0D65-4A51-93DB-57C4E5896105}.Release|Any CPU.ActiveCfg = Release|Any CPU
		{C14140C7-0D65-4A51-93DB-57C4E5896105}.Release|Any CPU.Build.0 = Release|Any CPU
	EndGlobalSection
	GlobalSection(SolutionProperties) = preSolution
		HideSolutionNode = FALSE
	EndGlobalSection
	GlobalSection(NestedProjects) = preSolution
		{C14140C7-0D65-4A51-93DB-57C4E5896105} = {688811B3-5E1D-48BE-B602-1CC0E759909A}
	EndGlobalSection
	GlobalSection(ExtensibilityGlobals) = postSolution
		SolutionGuid = {66FE7EA6-F86C-4F3D-882B-99CEAA6DF5EB}
	EndGlobalSection
EndGlobal
